// !$*UTF8*$!
{
	archiveVersion = 1;
	classes = {
	};
	objectVersion = 56;
	objects = {

/* Begin PBXBuildFile section */
		BFEA87BD2AE6EC8E00E94C8A /* AppDelegate.swift in Sources */ = {isa = PBXBuildFile; fileRef = BFEA87BC2AE6EC8E00E94C8A /* AppDelegate.swift */; };
		BFEA87BF2AE6EC8E00E94C8A /* SceneDelegate.swift in Sources */ = {isa = PBXBuildFile; fileRef = BFEA87BE2AE6EC8E00E94C8A /* SceneDelegate.swift */; };
		BFEA87C12AE6EC8E00E94C8A /* ViewController.swift in Sources */ = {isa = PBXBuildFile; fileRef = BFEA87C02AE6EC8E00E94C8A /* ViewController.swift */; };
		BFEA87C42AE6EC8E00E94C8A /* Main.storyboard in Resources */ = {isa = PBXBuildFile; fileRef = BFEA87C22AE6EC8E00E94C8A /* Main.storyboard */; };
		BFEA87C62AE6EC8F00E94C8A /* Assets.xcassets in Resources */ = {isa = PBXBuildFile; fileRef = BFEA87C52AE6EC8F00E94C8A /* Assets.xcassets */; };
		BFEA87C92AE6EC8F00E94C8A /* LaunchScreen.storyboard in Resources */ = {isa = PBXBuildFile; fileRef = BFEA87C72AE6EC8F00E94C8A /* LaunchScreen.storyboard */; };
		BFEA87D42AE6EC8F00E94C8A /* TicTacToeTests.swift in Sources */ = {isa = PBXBuildFile; fileRef = BFEA87D32AE6EC8F00E94C8A /* TicTacToeTests.swift */; };
		BFEA87DE2AE6EC8F00E94C8A /* TicTacToeUITests.swift in Sources */ = {isa = PBXBuildFile; fileRef = BFEA87DD2AE6EC8F00E94C8A /* TicTacToeUITests.swift */; };
		BFEA87E02AE6EC8F00E94C8A /* TicTacToeUITestsLaunchTests.swift in Sources */ = {isa = PBXBuildFile; fileRef = BFEA87DF2AE6EC8F00E94C8A /* TicTacToeUITestsLaunchTests.swift */; };
/* End PBXBuildFile section */

/* Begin PBXContainerItemProxy section */
		BFEA87D02AE6EC8F00E94C8A /* PBXContainerItemProxy */ = {
			isa = PBXContainerItemProxy;
			containerPortal = BFEA87B12AE6EC8E00E94C8A /* Project object */;
			proxyType = 1;
			remoteGlobalIDString = BFEA87B82AE6EC8E00E94C8A;
			remoteInfo = TicTacToe;
		};
		BFEA87DA2AE6EC8F00E94C8A /* PBXContainerItemProxy */ = {
			isa = PBXContainerItemProxy;
			containerPortal = BFEA87B12AE6EC8E00E94C8A /* Project object */;
			proxyType = 1;
			remoteGlobalIDString = BFEA87B82AE6EC8E00E94C8A;
			remoteInfo = TicTacToe;
		};
/* End PBXContainerItemProxy section */

/* Begin PBXFileReference section */
		BFEA87B92AE6EC8E00E94C8A /* TicTacToe.app */ = {isa = PBXFileReference; explicitFileType = wrapper.application; includeInIndex = 0; path = TicTacToe.app; sourceTree = BUILT_PRODUCTS_DIR; };
		BFEA87BC2AE6EC8E00E94C8A /* AppDelegate.swift */ = {isa = PBXFileReference; lastKnownFileType = sourcecode.swift; path = AppDelegate.swift; sourceTree = "<group>"; };
		BFEA87BE2AE6EC8E00E94C8A /* SceneDelegate.swift */ = {isa = PBXFileReference; lastKnownFileType = sourcecode.swift; path = SceneDelegate.swift; sourceTree = "<group>"; };
		BFEA87C02AE6EC8E00E94C8A /* ViewController.swift */ = {isa = PBXFileReference; lastKnownFileType = sourcecode.swift; path = ViewController.swift; sourceTree = "<group>"; };
		BFEA87C32AE6EC8E00E94C8A /* Base */ = {isa = PBXFileReference; lastKnownFileType = file.storyboard; name = Base; path = Base.lproj/Main.storyboard; sourceTree = "<group>"; };
		BFEA87C52AE6EC8F00E94C8A /* Assets.xcassets */ = {isa = PBXFileReference; lastKnownFileType = folder.assetcatalog; path = Assets.xcassets; sourceTree = "<group>"; };
		BFEA87C82AE6EC8F00E94C8A /* Base */ = {isa = PBXFileReference; lastKnownFileType = file.storyboard; name = Base; path = Base.lproj/LaunchScreen.storyboard; sourceTree = "<group>"; };
		BFEA87CA2AE6EC8F00E94C8A /* Info.plist */ = {isa = PBXFileReference; lastKnownFileType = text.plist.xml; path = Info.plist; sourceTree = "<group>"; };
		BFEA87CF2AE6EC8F00E94C8A /* TicTacToeTests.xctest */ = {isa = PBXFileReference; explicitFileType = wrapper.cfbundle; includeInIndex = 0; path = TicTacToeTests.xctest; sourceTree = BUILT_PRODUCTS_DIR; };
		BFEA87D32AE6EC8F00E94C8A /* TicTacToeTests.swift */ = {isa = PBXFileReference; lastKnownFileType = sourcecode.swift; path = TicTacToeTests.swift; sourceTree = "<group>"; };
		BFEA87D92AE6EC8F00E94C8A /* TicTacToeUITests.xctest */ = {isa = PBXFileReference; explicitFileType = wrapper.cfbundle; includeInIndex = 0; path = TicTacToeUITests.xctest; sourceTree = BUILT_PRODUCTS_DIR; };
		BFEA87DD2AE6EC8F00E94C8A /* TicTacToeUITests.swift */ = {isa = PBXFileReference; lastKnownFileType = sourcecode.swift; path = TicTacToeUITests.swift; sourceTree = "<group>"; };
		BFEA87DF2AE6EC8F00E94C8A /* TicTacToeUITestsLaunchTests.swift */ = {isa = PBXFileReference; lastKnownFileType = sourcecode.swift; path = TicTacToeUITestsLaunchTests.swift; sourceTree = "<group>"; };
/* End PBXFileReference section */

/* Begin PBXFrameworksBuildPhase section */
		BFEA87B62AE6EC8E00E94C8A /* Frameworks */ = {
			isa = PBXFrameworksBuildPhase;
			buildActionMask = 2147483647;
			files = (
			);
			runOnlyForDeploymentPostprocessing = 0;
		};
		BFEA87CC2AE6EC8F00E94C8A /* Frameworks */ = {
			isa = PBXFrameworksBuildPhase;
			buildActionMask = 2147483647;
			files = (
			);
			runOnlyForDeploymentPostprocessing = 0;
		};
		BFEA87D62AE6EC8F00E94C8A /* Frameworks */ = {
			isa = PBXFrameworksBuildPhase;
			buildActionMask = 2147483647;
			files = (
			);
			runOnlyForDeploymentPostprocessing = 0;
		};
/* End PBXFrameworksBuildPhase section */

/* Begin PBXGroup section */
		BFEA87B02AE6EC8E00E94C8A = {
			isa = PBXGroup;
			children = (
				BFEA87BB2AE6EC8E00E94C8A /* TicTacToe */,
				BFEA87D22AE6EC8F00E94C8A /* TicTacToeTests */,
				BFEA87DC2AE6EC8F00E94C8A /* TicTacToeUITests */,
				BFEA87BA2AE6EC8E00E94C8A /* Products */,
			);
			sourceTree = "<group>";
		};
		BFEA87BA2AE6EC8E00E94C8A /* Products */ = {
			isa = PBXGroup;
			children = (
				BFEA87B92AE6EC8E00E94C8A /* TicTacToe.app */,
				BFEA87CF2AE6EC8F00E94C8A /* TicTacToeTests.xctest */,
				BFEA87D92AE6EC8F00E94C8A /* TicTacToeUITests.xctest */,
			);
			name = Products;
			sourceTree = "<group>";
		};
		BFEA87BB2AE6EC8E00E94C8A /* TicTacToe */ = {
			isa = PBXGroup;
			children = (
				BFEA87BC2AE6EC8E00E94C8A /* AppDelegate.swift */,
				BFEA87BE2AE6EC8E00E94C8A /* SceneDelegate.swift */,
				BFEA87C02AE6EC8E00E94C8A /* ViewController.swift */,
				BFEA87C22AE6EC8E00E94C8A /* Main.storyboard */,
				BFEA87C52AE6EC8F00E94C8A /* Assets.xcassets */,
				BFEA87C72AE6EC8F00E94C8A /* LaunchScreen.storyboard */,
				BFEA87CA2AE6EC8F00E94C8A /* Info.plist */,
			);
			path = TicTacToe;
			sourceTree = "<group>";
		};
		BFEA87D22AE6EC8F00E94C8A /* TicTacToeTests */ = {
			isa = PBXGroup;
			children = (
				BFEA87D32AE6EC8F00E94C8A /* TicTacToeTests.swift */,
			);
			path = TicTacToeTests;
			sourceTree = "<group>";
		};
		BFEA87DC2AE6EC8F00E94C8A /* TicTacToeUITests */ = {
			isa = PBXGroup;
			children = (
				BFEA87DD2AE6EC8F00E94C8A /* TicTacToeUITests.swift */,
				BFEA87DF2AE6EC8F00E94C8A /* TicTacToeUITestsLaunchTests.swift */,
			);
			path = TicTacToeUITests;
			sourceTree = "<group>";
		};
/* End PBXGroup section */

/* Begin PBXNativeTarget section */
		BFEA87B82AE6EC8E00E94C8A /* TicTacToe */ = {
			isa = PBXNativeTarget;
			buildConfigurationList = BFEA87E32AE6EC8F00E94C8A /* Build configuration list for PBXNativeTarget "TicTacToe" */;
			buildPhases = (
				BFEA87B52AE6EC8E00E94C8A /* Sources */,
				BFEA87B62AE6EC8E00E94C8A /* Frameworks */,
				BFEA87B72AE6EC8E00E94C8A /* Resources */,
			);
			buildRules = (
			);
			dependencies = (
			);
			name = TicTacToe;
			productName = TicTacToe;
			productReference = BFEA87B92AE6EC8E00E94C8A /* TicTacToe.app */;
			productType = "com.apple.product-type.application";
		};
		BFEA87CE2AE6EC8F00E94C8A /* TicTacToeTests */ = {
			isa = PBXNativeTarget;
			buildConfigurationList = BFEA87E62AE6EC8F00E94C8A /* Build configuration list for PBXNativeTarget "TicTacToeTests" */;
			buildPhases = (
				BFEA87CB2AE6EC8F00E94C8A /* Sources */,
				BFEA87CC2AE6EC8F00E94C8A /* Frameworks */,
				BFEA87CD2AE6EC8F00E94C8A /* Resources */,
			);
			buildRules = (
			);
			dependencies = (
				BFEA87D12AE6EC8F00E94C8A /* PBXTargetDependency */,
			);
			name = TicTacToeTests;
			productName = TicTacToeTests;
			productReference = BFEA87CF2AE6EC8F00E94C8A /* TicTacToeTests.xctest */;
			productType = "com.apple.product-type.bundle.unit-test";
		};
		BFEA87D82AE6EC8F00E94C8A /* TicTacToeUITests */ = {
			isa = PBXNativeTarget;
			buildConfigurationList = BFEA87E92AE6EC8F00E94C8A /* Build configuration list for PBXNativeTarget "TicTacToeUITests" */;
			buildPhases = (
				BFEA87D52AE6EC8F00E94C8A /* Sources */,
				BFEA87D62AE6EC8F00E94C8A /* Frameworks */,
				BFEA87D72AE6EC8F00E94C8A /* Resources */,
			);
			buildRules = (
			);
			dependencies = (
				BFEA87DB2AE6EC8F00E94C8A /* PBXTargetDependency */,
			);
			name = TicTacToeUITests;
			productName = TicTacToeUITests;
			productReference = BFEA87D92AE6EC8F00E94C8A /* TicTacToeUITests.xctest */;
			productType = "com.apple.product-type.bundle.ui-testing";
		};
/* End PBXNativeTarget section */

/* Begin PBXProject section */
		BFEA87B12AE6EC8E00E94C8A /* Project object */ = {
			isa = PBXProject;
			attributes = {
				BuildIndependentTargetsInParallel = 1;
				LastSwiftUpdateCheck = 1500;
				LastUpgradeCheck = 1500;
				TargetAttributes = {
					BFEA87B82AE6EC8E00E94C8A = {
						CreatedOnToolsVersion = 15.0;
					};
					BFEA87CE2AE6EC8F00E94C8A = {
						CreatedOnToolsVersion = 15.0;
						TestTargetID = BFEA87B82AE6EC8E00E94C8A;
					};
					BFEA87D82AE6EC8F00E94C8A = {
						CreatedOnToolsVersion = 15.0;
						TestTargetID = BFEA87B82AE6EC8E00E94C8A;
					};
				};
			};
			buildConfigurationList = BFEA87B42AE6EC8E00E94C8A /* Build configuration list for PBXProject "TicTacToe" */;
			compatibilityVersion = "Xcode 14.0";
			developmentRegion = en;
			hasScannedForEncodings = 0;
			knownRegions = (
				en,
				Base,
			);
			mainGroup = BFEA87B02AE6EC8E00E94C8A;
			productRefGroup = BFEA87BA2AE6EC8E00E94C8A /* Products */;
			projectDirPath = "";
			projectRoot = "";
			targets = (
				BFEA87B82AE6EC8E00E94C8A /* TicTacToe */,
				BFEA87CE2AE6EC8F00E94C8A /* TicTacToeTests */,
				BFEA87D82AE6EC8F00E94C8A /* TicTacToeUITests */,
			);
		};
/* End PBXProject section */

/* Begin PBXResourcesBuildPhase section */
		BFEA87B72AE6EC8E00E94C8A /* Resources */ = {
			isa = PBXResourcesBuildPhase;
			buildActionMask = 2147483647;
			files = (
				BFEA87C92AE6EC8F00E94C8A /* LaunchScreen.storyboard in Resources */,
				BFEA87C62AE6EC8F00E94C8A /* Assets.xcassets in Resources */,
				BFEA87C42AE6EC8E00E94C8A /* Main.storyboard in Resources */,
			);
			runOnlyForDeploymentPostprocessing = 0;
		};
		BFEA87CD2AE6EC8F00E94C8A /* Resources */ = {
			isa = PBXResourcesBuildPhase;
			buildActionMask = 2147483647;
			files = (
			);
			runOnlyForDeploymentPostprocessing = 0;
		};
		BFEA87D72AE6EC8F00E94C8A /* Resources */ = {
			isa = PBXResourcesBuildPhase;
			buildActionMask = 2147483647;
			files = (
			);
			runOnlyForDeploymentPostprocessing = 0;
		};
/* End PBXResourcesBuildPhase section */

/* Begin PBXSourcesBuildPhase section */
		BFEA87B52AE6EC8E00E94C8A /* Sources */ = {
			isa = PBXSourcesBuildPhase;
			buildActionMask = 2147483647;
			files = (
				BFEA87C12AE6EC8E00E94C8A /* ViewController.swift in Sources */,
				BFEA87BD2AE6EC8E00E94C8A /* AppDelegate.swift in Sources */,
				BFEA87BF2AE6EC8E00E94C8A /* SceneDelegate.swift in Sources */,
			);
			runOnlyForDeploymentPostprocessing = 0;
		};
		BFEA87CB2AE6EC8F00E94C8A /* Sources */ = {
			isa = PBXSourcesBuildPhase;
			buildActionMask = 2147483647;
			files = (
				BFEA87D42AE6EC8F00E94C8A /* TicTacToeTests.swift in Sources */,
			);
			runOnlyForDeploymentPostprocessing = 0;
		};
		BFEA87D52AE6EC8F00E94C8A /* Sources */ = {
			isa = PBXSourcesBuildPhase;
			buildActionMask = 2147483647;
			files = (
				BFEA87DE2AE6EC8F00E94C8A /* TicTacToeUITests.swift in Sources */,
				BFEA87E02AE6EC8F00E94C8A /* TicTacToeUITestsLaunchTests.swift in Sources */,
			);
			runOnlyForDeploymentPostprocessing = 0;
		};
/* End PBXSourcesBuildPhase section */

/* Begin PBXTargetDependency section */
		BFEA87D12AE6EC8F00E94C8A /* PBXTargetDependency */ = {
			isa = PBXTargetDependency;
			target = BFEA87B82AE6EC8E00E94C8A /* TicTacToe */;
			targetProxy = BFEA87D02AE6EC8F00E94C8A /* PBXContainerItemProxy */;
		};
		BFEA87DB2AE6EC8F00E94C8A /* PBXTargetDependency */ = {
			isa = PBXTargetDependency;
			target = BFEA87B82AE6EC8E00E94C8A /* TicTacToe */;
			targetProxy = BFEA87DA2AE6EC8F00E94C8A /* PBXContainerItemProxy */;
		};
/* End PBXTargetDependency section */

/* Begin PBXVariantGroup section */
		BFEA87C22AE6EC8E00E94C8A /* Main.storyboard */ = {
			isa = PBXVariantGroup;
			children = (
				BFEA87C32AE6EC8E00E94C8A /* Base */,
			);
			name = Main.storyboard;
			sourceTree = "<group>";
		};
		BFEA87C72AE6EC8F00E94C8A /* LaunchScreen.storyboard */ = {
			isa = PBXVariantGroup;
			children = (
				BFEA87C82AE6EC8F00E94C8A /* Base */,
			);
			name = LaunchScreen.storyboard;
			sourceTree = "<group>";
		};
/* End PBXVariantGroup section */

/* Begin XCBuildConfiguration section */
		BFEA87E12AE6EC8F00E94C8A /* Debug */ = {
			isa = XCBuildConfiguration;
			buildSettings = {
				ALWAYS_SEARCH_USER_PATHS = NO;
				ASSETCATALOG_COMPILER_GENERATE_SWIFT_ASSET_SYMBOL_EXTENSIONS = YES;
				CLANG_ANALYZER_NONNULL = YES;
				CLANG_ANALYZER_NUMBER_OBJECT_CONVERSION = YES_AGGRESSIVE;
				CLANG_CXX_LANGUAGE_STANDARD = "gnu++20";
				CLANG_ENABLE_MODULES = YES;
				CLANG_ENABLE_OBJC_ARC = YES;
				CLANG_ENABLE_OBJC_WEAK = YES;
				CLANG_WARN_BLOCK_CAPTURE_AUTORELEASING = YES;
				CLANG_WARN_BOOL_CONVERSION = YES;
				CLANG_WARN_COMMA = YES;
				CLANG_WARN_CONSTANT_CONVERSION = YES;
				CLANG_WARN_DEPRECATED_OBJC_IMPLEMENTATIONS = YES;
				CLANG_WARN_DIRECT_OBJC_ISA_USAGE = YES_ERROR;
				CLANG_WARN_DOCUMENTATION_COMMENTS = YES;
				CLANG_WARN_EMPTY_BODY = YES;
				CLANG_WARN_ENUM_CONVERSION = YES;
				CLANG_WARN_INFINITE_RECURSION = YES;
				CLANG_WARN_INT_CONVERSION = YES;
				CLANG_WARN_NON_LITERAL_NULL_CONVERSION = YES;
				CLANG_WARN_OBJC_IMPLICIT_RETAIN_SELF = YES;
				CLANG_WARN_OBJC_LITERAL_CONVERSION = YES;
				CLANG_WARN_OBJC_ROOT_CLASS = YES_ERROR;
				CLANG_WARN_QUOTED_INCLUDE_IN_FRAMEWORK_HEADER = YES;
				CLANG_WARN_RANGE_LOOP_ANALYSIS = YES;
				CLANG_WARN_STRICT_PROTOTYPES = YES;
				CLANG_WARN_SUSPICIOUS_MOVE = YES;
				CLANG_WARN_UNGUARDED_AVAILABILITY = YES_AGGRESSIVE;
				CLANG_WARN_UNREACHABLE_CODE = YES;
				CLANG_WARN__DUPLICATE_METHOD_MATCH = YES;
				COPY_PHASE_STRIP = NO;
				DEBUG_INFORMATION_FORMAT = dwarf;
				ENABLE_STRICT_OBJC_MSGSEND = YES;
				ENABLE_TESTABILITY = YES;
				ENABLE_USER_SCRIPT_SANDBOXING = YES;
				GCC_C_LANGUAGE_STANDARD = gnu17;
				GCC_DYNAMIC_NO_PIC = NO;
				GCC_NO_COMMON_BLOCKS = YES;
				GCC_OPTIMIZATION_LEVEL = 0;
				GCC_PREPROCESSOR_DEFINITIONS = (
					"DEBUG=1",
					"$(inherited)",
				);
				GCC_WARN_64_TO_32_BIT_CONVERSION = YES;
				GCC_WARN_ABOUT_RETURN_TYPE = YES_ERROR;
				GCC_WARN_UNDECLARED_SELECTOR = YES;
				GCC_WARN_UNINITIALIZED_AUTOS = YES_AGGRESSIVE;
				GCC_WARN_UNUSED_FUNCTION = YES;
				GCC_WARN_UNUSED_VARIABLE = YES;
				IPHONEOS_DEPLOYMENT_TARGET = 17.0;
				LOCALIZATION_PREFERS_STRING_CATALOGS = YES;
				MTL_ENABLE_DEBUG_INFO = INCLUDE_SOURCE;
				MTL_FAST_MATH = YES;
				ONLY_ACTIVE_ARCH = YES;
				SDKROOT = iphoneos;
				SWIFT_ACTIVE_COMPILATION_CONDITIONS = "DEBUG $(inherited)";
				SWIFT_OPTIMIZATION_LEVEL = "-Onone";
			};
			name = Debug;
		};
		BFEA87E22AE6EC8F00E94C8A /* Release */ = {
			isa = XCBuildConfiguration;
			buildSettings = {
				ALWAYS_SEARCH_USER_PATHS = NO;
				ASSETCATALOG_COMPILER_GENERATE_SWIFT_ASSET_SYMBOL_EXTENSIONS = YES;
				CLANG_ANALYZER_NONNULL = YES;
				CLANG_ANALYZER_NUMBER_OBJECT_CONVERSION = YES_AGGRESSIVE;
				CLANG_CXX_LANGUAGE_STANDARD = "gnu++20";
				CLANG_ENABLE_MODULES = YES;
				CLANG_ENABLE_OBJC_ARC = YES;
				CLANG_ENABLE_OBJC_WEAK = YES;
				CLANG_WARN_BLOCK_CAPTURE_AUTORELEASING = YES;
				CLANG_WARN_BOOL_CONVERSION = YES;
				CLANG_WARN_COMMA = YES;
				CLANG_WARN_CONSTANT_CONVERSION = YES;
				CLANG_WARN_DEPRECATED_OBJC_IMPLEMENTATIONS = YES;
				CLANG_WARN_DIRECT_OBJC_ISA_USAGE = YES_ERROR;
				CLANG_WARN_DOCUMENTATION_COMMENTS = YES;
				CLANG_WARN_EMPTY_BODY = YES;
				CLANG_WARN_ENUM_CONVERSION = YES;
				CLANG_WARN_INFINITE_RECURSION = YES;
				CLANG_WARN_INT_CONVERSION = YES;
				CLANG_WARN_NON_LITERAL_NULL_CONVERSION = YES;
				CLANG_WARN_OBJC_IMPLICIT_RETAIN_SELF = YES;
				CLANG_WARN_OBJC_LITERAL_CONVERSION = YES;
				CLANG_WARN_OBJC_ROOT_CLASS = YES_ERROR;
				CLANG_WARN_QUOTED_INCLUDE_IN_FRAMEWORK_HEADER = YES;
				CLANG_WARN_RANGE_LOOP_ANALYSIS = YES;
				CLANG_WARN_STRICT_PROTOTYPES = YES;
				CLANG_WARN_SUSPICIOUS_MOVE = YES;
				CLANG_WARN_UNGUARDED_AVAILABILITY = YES_AGGRESSIVE;
				CLANG_WARN_UNREACHABLE_CODE = YES;
				CLANG_WARN__DUPLICATE_METHOD_MATCH = YES;
				COPY_PHASE_STRIP = NO;
				DEBUG_INFORMATION_FORMAT = "dwarf-with-dsym";
				ENABLE_NS_ASSERTIONS = NO;
				ENABLE_STRICT_OBJC_MSGSEND = YES;
				ENABLE_USER_SCRIPT_SANDBOXING = YES;
				GCC_C_LANGUAGE_STANDARD = gnu17;
				GCC_NO_COMMON_BLOCKS = YES;
				GCC_WARN_64_TO_32_BIT_CONVERSION = YES;
				GCC_WARN_ABOUT_RETURN_TYPE = YES_ERROR;
				GCC_WARN_UNDECLARED_SELECTOR = YES;
				GCC_WARN_UNINITIALIZED_AUTOS = YES_AGGRESSIVE;
				GCC_WARN_UNUSED_FUNCTION = YES;
				GCC_WARN_UNUSED_VARIABLE = YES;
				IPHONEOS_DEPLOYMENT_TARGET = 17.0;
				LOCALIZATION_PREFERS_STRING_CATALOGS = YES;
				MTL_ENABLE_DEBUG_INFO = NO;
				MTL_FAST_MATH = YES;
				SDKROOT = iphoneos;
				SWIFT_COMPILATION_MODE = wholemodule;
				VALIDATE_PRODUCT = YES;
			};
			name = Release;
		};
		BFEA87E42AE6EC8F00E94C8A /* Debug */ = {
			isa = XCBuildConfiguration;
			buildSettings = {
				ASSETCATALOG_COMPILER_APPICON_NAME = AppIcon;
				ASSETCATALOG_COMPILER_GLOBAL_ACCENT_COLOR_NAME = AccentColor;
				CODE_SIGN_STYLE = Automatic;
				CURRENT_PROJECT_VERSION = 1;
				GENERATE_INFOPLIST_FILE = YES;
				INFOPLIST_FILE = TicTacToe/Info.plist;
				INFOPLIST_KEY_UIApplicationSupportsIndirectInputEvents = YES;
				INFOPLIST_KEY_UILaunchStoryboardName = LaunchScreen;
				INFOPLIST_KEY_UIMainStoryboardFile = Main;
				INFOPLIST_KEY_UISupportedInterfaceOrientations_iPad = "UIInterfaceOrientationPortrait UIInterfaceOrientationPortraitUpsideDown UIInterfaceOrientationLandscapeLeft UIInterfaceOrientationLandscapeRight";
				INFOPLIST_KEY_UISupportedInterfaceOrientations_iPhone = "UIInterfaceOrientationPortrait UIInterfaceOrientationLandscapeLeft UIInterfaceOrientationLandscapeRight";
				LD_RUNPATH_SEARCH_PATHS = (
					"$(inherited)",
					"@executable_path/Frameworks",
				);
				MARKETING_VERSION = 1.0;
				PRODUCT_BUNDLE_IDENTIFIER = com.kkb.TicTacToe;
				PRODUCT_NAME = "$(TARGET_NAME)";
				SWIFT_EMIT_LOC_STRINGS = YES;
				SWIFT_VERSION = 5.0;
				TARGETED_DEVICE_FAMILY = "1,2";
			};
			name = Debug;
		};
		BFEA87E52AE6EC8F00E94C8A /* Release */ = {
			isa = XCBuildConfiguration;
			buildSettings = {
				ASSETCATALOG_COMPILER_APPICON_NAME = AppIcon;
				ASSETCATALOG_COMPILER_GLOBAL_ACCENT_COLOR_NAME = AccentColor;
				CODE_SIGN_STYLE = Automatic;
				CURRENT_PROJECT_VERSION = 1;
				GENERATE_INFOPLIST_FILE = YES;
				INFOPLIST_FILE = TicTacToe/Info.plist;
				INFOPLIST_KEY_UIApplicationSupportsIndirectInputEvents = YES;
				INFOPLIST_KEY_UILaunchStoryboardName = LaunchScreen;
				INFOPLIST_KEY_UIMainStoryboardFile = Main;
				INFOPLIST_KEY_UISupportedInterfaceOrientations_iPad = "UIInterfaceOrientationPortrait UIInterfaceOrientationPortraitUpsideDown UIInterfaceOrientationLandscapeLeft UIInterfaceOrientationLandscapeRight";
				INFOPLIST_KEY_UISupportedInterfaceOrientations_iPhone = "UIInterfaceOrientationPortrait UIInterfaceOrientationLandscapeLeft UIInterfaceOrientationLandscapeRight";
				LD_RUNPATH_SEARCH_PATHS = (
					"$(inherited)",
					"@executable_path/Frameworks",
				);
				MARKETING_VERSION = 1.0;
				PRODUCT_BUNDLE_IDENTIFIER = com.kkb.TicTacToe;
				PRODUCT_NAME = "$(TARGET_NAME)";
				SWIFT_EMIT_LOC_STRINGS = YES;
				SWIFT_VERSION = 5.0;
				TARGETED_DEVICE_FAMILY = "1,2";
			};
			name = Release;
		};
		BFEA87E72AE6EC8F00E94C8A /* Debug */ = {
			isa = XCBuildConfiguration;
			buildSettings = {
				ALWAYS_EMBED_SWIFT_STANDARD_LIBRARIES = YES;
				BUNDLE_LOADER = "$(TEST_HOST)";
				CODE_SIGN_STYLE = Automatic;
				CURRENT_PROJECT_VERSION = 1;
				GENERATE_INFOPLIST_FILE = YES;
				IPHONEOS_DEPLOYMENT_TARGET = 17.0;
				MARKETING_VERSION = 1.0;
				PRODUCT_BUNDLE_IDENTIFIER = com.kkb.TicTacToeTests;
				PRODUCT_NAME = "$(TARGET_NAME)";
				SWIFT_EMIT_LOC_STRINGS = NO;
				SWIFT_VERSION = 5.0;
				TARGETED_DEVICE_FAMILY = "1,2";
				TEST_HOST = "$(BUILT_PRODUCTS_DIR)/TicTacToe.app/$(BUNDLE_EXECUTABLE_FOLDER_PATH)/TicTacToe";
			};
			name = Debug;
		};
		BFEA87E82AE6EC8F00E94C8A /* Release */ = {
			isa = XCBuildConfiguration;
			buildSettings = {
				ALWAYS_EMBED_SWIFT_STANDARD_LIBRARIES = YES;
				BUNDLE_LOADER = "$(TEST_HOST)";
				CODE_SIGN_STYLE = Automatic;
				CURRENT_PROJECT_VERSION = 1;
				GENERATE_INFOPLIST_FILE = YES;
				IPHONEOS_DEPLOYMENT_TARGET = 17.0;
				MARKETING_VERSION = 1.0;
				PRODUCT_BUNDLE_IDENTIFIER = com.kkb.TicTacToeTests;
				PRODUCT_NAME = "$(TARGET_NAME)";
				SWIFT_EMIT_LOC_STRINGS = NO;
				SWIFT_VERSION = 5.0;
				TARGETED_DEVICE_FAMILY = "1,2";
				TEST_HOST = "$(BUILT_PRODUCTS_DIR)/TicTacToe.app/$(BUNDLE_EXECUTABLE_FOLDER_PATH)/TicTacToe";
			};
			name = Release;
		};
		BFEA87EA2AE6EC8F00E94C8A /* Debug */ = {
			isa = XCBuildConfiguration;
			buildSettings = {
				ALWAYS_EMBED_SWIFT_STANDARD_LIBRARIES = YES;
				CODE_SIGN_STYLE = Automatic;
				CURRENT_PROJECT_VERSION = 1;
				GENERATE_INFOPLIST_FILE = YES;
				MARKETING_VERSION = 1.0;
				PRODUCT_BUNDLE_IDENTIFIER = com.kkb.TicTacToeUITests;
				PRODUCT_NAME = "$(TARGET_NAME)";
				SWIFT_EMIT_LOC_STRINGS = NO;
				SWIFT_VERSION = 5.0;
				TARGETED_DEVICE_FAMILY = "1,2";
				TEST_TARGET_NAME = TicTacToe;
			};
			name = Debug;
		};
		BFEA87EB2AE6EC8F00E94C8A /* Release */ = {
			isa = XCBuildConfiguration;
			buildSettings = {
				ALWAYS_EMBED_SWIFT_STANDARD_LIBRARIES = YES;
				CODE_SIGN_STYLE = Automatic;
				CURRENT_PROJECT_VERSION = 1;
				GENERATE_INFOPLIST_FILE = YES;
				MARKETING_VERSION = 1.0;
				PRODUCT_BUNDLE_IDENTIFIER = com.kkb.TicTacToeUITests;
				PRODUCT_NAME = "$(TARGET_NAME)";
				SWIFT_EMIT_LOC_STRINGS = NO;
				SWIFT_VERSION = 5.0;
				TARGETED_DEVICE_FAMILY = "1,2";
				TEST_TARGET_NAME = TicTacToe;
			};
			name = Release;
		};
/* End XCBuildConfiguration section */

/* Begin XCConfigurationList section */
		BFEA87B42AE6EC8E00E94C8A /* Build configuration list for PBXProject "TicTacToe" */ = {
			isa = XCConfigurationList;
			buildConfigurations = (
				BFEA87E12AE6EC8F00E94C8A /* Debug */,
				BFEA87E22AE6EC8F00E94C8A /* Release */,
			);
			defaultConfigurationIsVisible = 0;
			defaultConfigurationName = Release;
		};
		BFEA87E32AE6EC8F00E94C8A /* Build configuration list for PBXNativeTarget "TicTacToe" */ = {
			isa = XCConfigurationList;
			buildConfigurations = (
				BFEA87E42AE6EC8F00E94C8A /* Debug */,
				BFEA87E52AE6EC8F00E94C8A /* Release */,
			);
			defaultConfigurationIsVisible = 0;
			defaultConfigurationName = Release;
		};
		BFEA87E62AE6EC8F00E94C8A /* Build configuration list for PBXNativeTarget "TicTacToeTests" */ = {
			isa = XCConfigurationList;
			buildConfigurations = (
				BFEA87E72AE6EC8F00E94C8A /* Debug */,
				BFEA87E82AE6EC8F00E94C8A /* Release */,
			);
			defaultConfigurationIsVisible = 0;
			defaultConfigurationName = Release;
		};
		BFEA87E92AE6EC8F00E94C8A /* Build configuration list for PBXNativeTarget "TicTacToeUITests" */ = {
			isa = XCConfigurationList;
			buildConfigurations = (
				BFEA87EA2AE6EC8F00E94C8A /* Debug */,
				BFEA87EB2AE6EC8F00E94C8A /* Release */,
			);
			defaultConfigurationIsVisible = 0;
			defaultConfigurationName = Release;
		};
/* End XCConfigurationList section */
	};
	rootObject = BFEA87B12AE6EC8E00E94C8A /* Project object */;
}
